
Microsoft Visual Studio Solution File, Format Version 12.00
# Visual Studio Version 17
VisualStudioVersion = 17.5.33627.172
MinimumVisualStudioVersion = 10.0.40219.1
Project("{FAE04EC0-301F-11D3-BF4B-00C04F79EFBC}") = "KullanıcıKayıtSistemı", "KullanıcıKayıtSistemı\KullanıcıKayıtSistemı.csproj", "{EECB703A-59FC-4E61-8547-2369566E6192}"
EndProject
Global
	GlobalSection(SolutionConfigurationPlatforms) = preSolution
		Debug|Any CPU = Debug|Any CPU
		Release|Any CPU = Release|Any CPU
	EndGlobalSection
	GlobalSection(ProjectConfigurationPlatforms) = postSolution
		{EECB703A-59FC-4E61-8547-2369566E6192}.Debug|Any CPU.ActiveCfg = Debug|Any CPU
		{EECB703A-59FC-4E61-8547-2369566E6192}.Debug|Any CPU.Build.0 = Debug|Any CPU
		{EECB703A-59FC-4E61-8547-2369566E6192}.Release|Any CPU.ActiveCfg = Release|Any CPU
		{EECB703A-59FC-4E61-8547-2369566E6192}.Release|Any CPU.Build.0 = Release|Any CPU
	EndGlobalSection
	GlobalSection(SolutionProperties) = preSolution
		HideSolutionNode = FALSE
	EndGlobalSection
	GlobalSection(ExtensibilityGlobals) = postSolution
		SolutionGuid = {14AF5C1D-FA60-42C9-BCF3-EF6C740F9639}
	EndGlobalSection
EndGlobal
